{
  "name": "Citizen-Management",
  "lockfileVersion": 3,
  "requires": true,
  "packages": {
    "": {
      "dependencies": {
        "@coreui/utils": "^2.0.2"
      }
    },
    "node_modules/@coreui/utils": {
      "version": "2.0.2",
      "resolved": "https://registry.npmjs.org/@coreui/utils/-/utils-2.0.2.tgz",
      "integrity": "sha512-tIFmyKzR96vSD3vqtw4H/4rH/Pctghj+Rp9kWncx1ec2vstC+yphcEUmMk/r+Mm86/Tradi0SIcuCaqvhkyqJA==",
      "license": "MIT"
    }
  }
}
